// !$*UTF8*$!
{
	archiveVersion = 1;
	classes = {
	};
	objectVersion = 46;
	objects = {

/* Begin PBXBuildFile section */
		A02CAE5B1AD3EFA0001F6B24 /* main.m in Sources */ = {isa = PBXBuildFile; fileRef = A02CAE5A1AD3EFA0001F6B24 /* main.m */; };
		A02CAE5E1AD3EFA0001F6B24 /* AppDelegate.m in Sources */ = {isa = PBXBuildFile; fileRef = A02CAE5D1AD3EFA0001F6B24 /* AppDelegate.m */; };
		A02CAE611AD3EFA0001F6B24 /* ViewController.m in Sources */ = {isa = PBXBuildFile; fileRef = A02CAE601AD3EFA0001F6B24 /* ViewController.m */; };
		A02CAE641AD3EFA0001F6B24 /* Main.storyboard in Resources */ = {isa = PBXBuildFile; fileRef = A02CAE621AD3EFA0001F6B24 /* Main.storyboard */; };
		A02CAE661AD3EFA1001F6B24 /* Images.xcassets in Resources */ = {isa = PBXBuildFile; fileRef = A02CAE651AD3EFA1001F6B24 /* Images.xcassets */; };
		A02CAE691AD3EFA1001F6B24 /* LaunchScreen.xib in Resources */ = {isa = PBXBuildFile; fileRef = A02CAE671AD3EFA1001F6B24 /* LaunchScreen.xib */; };
		A02CAE751AD3EFA1001F6B24 /* PDFViewTests.m in Sources */ = {isa = PBXBuildFile; fileRef = A02CAE741AD3EFA1001F6B24 /* PDFViewTests.m */; };
		A0DBFDAB1AD65B11009459CB /* PDFViewController.m in Sources */ = {isa = PBXBuildFile; fileRef = A0DBFDA91AD65B11009459CB /* PDFViewController.m */; };
		A0DBFDAC1AD65B11009459CB /* PDFViewController.xib in Resources */ = {isa = PBXBuildFile; fileRef = A0DBFDAA1AD65B11009459CB /* PDFViewController.xib */; };
		A0DBFDAE1AD65B1D009459CB /* Resume.pdf in Resources */ = {isa = PBXBuildFile; fileRef = A0DBFDAD1AD65B1D009459CB /* Resume.pdf */; };
/* End PBXBuildFile section */

/* Begin PBXContainerItemProxy section */
		A02CAE6F1AD3EFA1001F6B24 /* PBXContainerItemProxy */ = {
			isa = PBXContainerItemProxy;
			containerPortal = A02CAE4D1AD3EFA0001F6B24 /* Project object */;
			proxyType = 1;
			remoteGlobalIDString = A02CAE541AD3EFA0001F6B24;
			remoteInfo = PDFView;
		};
/* End PBXContainerItemProxy section */

/* Begin PBXFileReference section */
		A02CAE551AD3EFA0001F6B24 /* PDFViewerSampleApp.app */ = {isa = PBXFileReference; explicitFileType = wrapper.application; includeInIndex = 0; path = PDFViewerSampleApp.app; sourceTree = BUILT_PRODUCTS_DIR; };
		A02CAE591AD3EFA0001F6B24 /* Info.plist */ = {isa = PBXFileReference; lastKnownFileType = text.plist.xml; path = Info.plist; sourceTree = "<group>"; };
		A02CAE5A1AD3EFA0001F6B24 /* main.m */ = {isa = PBXFileReference; lastKnownFileType = sourcecode.c.objc; path = main.m; sourceTree = "<group>"; };
		A02CAE5C1AD3EFA0001F6B24 /* AppDelegate.h */ = {isa = PBXFileReference; lastKnownFileType = sourcecode.c.h; path = AppDelegate.h; sourceTree = "<group>"; };
		A02CAE5D1AD3EFA0001F6B24 /* AppDelegate.m */ = {isa = PBXFileReference; lastKnownFileType = sourcecode.c.objc; path = AppDelegate.m; sourceTree = "<group>"; };
		A02CAE5F1AD3EFA0001F6B24 /* ViewController.h */ = {isa = PBXFileReference; lastKnownFileType = sourcecode.c.h; path = ViewController.h; sourceTree = "<group>"; };
		A02CAE601AD3EFA0001F6B24 /* ViewController.m */ = {isa = PBXFileReference; lastKnownFileType = sourcecode.c.objc; path = ViewController.m; sourceTree = "<group>"; };
		A02CAE631AD3EFA0001F6B24 /* Base */ = {isa = PBXFileReference; lastKnownFileType = file.storyboard; name = Base; path = Base.lproj/Main.storyboard; sourceTree = "<group>"; };
		A02CAE651AD3EFA1001F6B24 /* Images.xcassets */ = {isa = PBXFileReference; lastKnownFileType = folder.assetcatalog; path = Images.xcassets; sourceTree = "<group>"; };
		A02CAE681AD3EFA1001F6B24 /* Base */ = {isa = PBXFileReference; lastKnownFileType = file.xib; name = Base; path = Base.lproj/LaunchScreen.xib; sourceTree = "<group>"; };
		A02CAE6E1AD3EFA1001F6B24 /* PDFViewerSampleAppTests.xctest */ = {isa = PBXFileReference; explicitFileType = wrapper.cfbundle; includeInIndex = 0; path = PDFViewerSampleAppTests.xctest; sourceTree = BUILT_PRODUCTS_DIR; };
		A02CAE731AD3EFA1001F6B24 /* Info.plist */ = {isa = PBXFileReference; lastKnownFileType = text.plist.xml; path = Info.plist; sourceTree = "<group>"; };
		A02CAE741AD3EFA1001F6B24 /* PDFViewTests.m */ = {isa = PBXFileReference; lastKnownFileType = sourcecode.c.objc; path = PDFViewTests.m; sourceTree = "<group>"; };
		A0DBFDA81AD65B11009459CB /* PDFViewController.h */ = {isa = PBXFileReference; fileEncoding = 4; lastKnownFileType = sourcecode.c.h; path = PDFViewController.h; sourceTree = "<group>"; };
		A0DBFDA91AD65B11009459CB /* PDFViewController.m */ = {isa = PBXFileReference; fileEncoding = 4; lastKnownFileType = sourcecode.c.objc; path = PDFViewController.m; sourceTree = "<group>"; };
		A0DBFDAA1AD65B11009459CB /* PDFViewController.xib */ = {isa = PBXFileReference; fileEncoding = 4; lastKnownFileType = file.xib; path = PDFViewController.xib; sourceTree = "<group>"; };
		A0DBFDAD1AD65B1D009459CB /* Resume.pdf */ = {isa = PBXFileReference; lastKnownFileType = image.pdf; name = Resume.pdf; path = SupportFiles/Resume.pdf; sourceTree = "<group>"; };
/* End PBXFileReference section */

/* Begin PBXFrameworksBuildPhase section */
		A02CAE521AD3EFA0001F6B24 /* Frameworks */ = {
			isa = PBXFrameworksBuildPhase;
			buildActionMask = 2147483647;
			files = (
			);
			runOnlyForDeploymentPostprocessing = 0;
		};
		A02CAE6B1AD3EFA1001F6B24 /* Frameworks */ = {
			isa = PBXFrameworksBuildPhase;
			buildActionMask = 2147483647;
			files = (
			);
			runOnlyForDeploymentPostprocessing = 0;
		};
/* End PBXFrameworksBuildPhase section */

/* Begin PBXGroup section */
		A02CAE4C1AD3EFA0001F6B24 = {
			isa = PBXGroup;
			children = (
				A02CAE571AD3EFA0001F6B24 /* PDFViewerSampleApp */,
				A02CAE711AD3EFA1001F6B24 /* PDFViewTests */,
				A02CAE561AD3EFA0001F6B24 /* Products */,
			);
			sourceTree = "<group>";
		};
		A02CAE561AD3EFA0001F6B24 /* Products */ = {
			isa = PBXGroup;
			children = (
				A02CAE551AD3EFA0001F6B24 /* PDFViewerSampleApp.app */,
				A02CAE6E1AD3EFA1001F6B24 /* PDFViewerSampleAppTests.xctest */,
			);
			name = Products;
			sourceTree = "<group>";
		};
		A02CAE571AD3EFA0001F6B24 /* PDFViewerSampleApp */ = {
			isa = PBXGroup;
			children = (
				A02CAE5C1AD3EFA0001F6B24 /* AppDelegate.h */,
				A02CAE5D1AD3EFA0001F6B24 /* AppDelegate.m */,
				A02CAE5F1AD3EFA0001F6B24 /* ViewController.h */,
				A02CAE601AD3EFA0001F6B24 /* ViewController.m */,
				A02CAE621AD3EFA0001F6B24 /* Main.storyboard */,
				A0DBFDA71AD65B11009459CB /* PDFViewController */,
				A02CAE651AD3EFA1001F6B24 /* Images.xcassets */,
				A02CAE671AD3EFA1001F6B24 /* LaunchScreen.xib */,
				A02CAE581AD3EFA0001F6B24 /* Supporting Files */,
			);
			name = PDFViewerSampleApp;
			path = PDFView;
			sourceTree = "<group>";
		};
		A02CAE581AD3EFA0001F6B24 /* Supporting Files */ = {
			isa = PBXGroup;
			children = (
				A0DBFDAD1AD65B1D009459CB /* Resume.pdf */,
				A02CAE591AD3EFA0001F6B24 /* Info.plist */,
				A02CAE5A1AD3EFA0001F6B24 /* main.m */,
			);
			name = "Supporting Files";
			sourceTree = "<group>";
		};
		A02CAE711AD3EFA1001F6B24 /* PDFViewTests */ = {
			isa = PBXGroup;
			children = (
				A02CAE741AD3EFA1001F6B24 /* PDFViewTests.m */,
				A02CAE721AD3EFA1001F6B24 /* Supporting Files */,
			);
			path = PDFViewTests;
			sourceTree = "<group>";
		};
		A02CAE721AD3EFA1001F6B24 /* Supporting Files */ = {
			isa = PBXGroup;
			children = (
				A02CAE731AD3EFA1001F6B24 /* Info.plist */,
			);
			name = "Supporting Files";
			sourceTree = "<group>";
		};
		A0DBFDA71AD65B11009459CB /* PDFViewController */ = {
			isa = PBXGroup;
			children = (
				A0DBFDA81AD65B11009459CB /* PDFViewController.h */,
				A0DBFDA91AD65B11009459CB /* PDFViewController.m */,
				A0DBFDAA1AD65B11009459CB /* PDFViewController.xib */,
			);
			path = PDFViewController;
			sourceTree = "<group>";
		};
/* End PBXGroup section */

/* Begin PBXNativeTarget section */
		A02CAE541AD3EFA0001F6B24 /* PDFViewerSampleApp */ = {
			isa = PBXNativeTarget;
			buildConfigurationList = A02CAE781AD3EFA1001F6B24 /* Build configuration list for PBXNativeTarget "PDFViewerSampleApp" */;
			buildPhases = (
				A02CAE511AD3EFA0001F6B24 /* Sources */,
				A02CAE521AD3EFA0001F6B24 /* Frameworks */,
				A02CAE531AD3EFA0001F6B24 /* Resources */,
			);
			buildRules = (
			);
			dependencies = (
			);
			name = PDFViewerSampleApp;
			productName = PDFView;
			productReference = A02CAE551AD3EFA0001F6B24 /* PDFViewerSampleApp.app */;
			productType = "com.apple.product-type.application";
		};
		A02CAE6D1AD3EFA1001F6B24 /* PDFViewerSampleAppTests */ = {
			isa = PBXNativeTarget;
			buildConfigurationList = A02CAE7B1AD3EFA1001F6B24 /* Build configuration list for PBXNativeTarget "PDFViewerSampleAppTests" */;
			buildPhases = (
				A02CAE6A1AD3EFA1001F6B24 /* Sources */,
				A02CAE6B1AD3EFA1001F6B24 /* Frameworks */,
				A02CAE6C1AD3EFA1001F6B24 /* Resources */,
			);
			buildRules = (
			);
			dependencies = (
				A02CAE701AD3EFA1001F6B24 /* PBXTargetDependency */,
			);
			name = PDFViewerSampleAppTests;
			productName = PDFViewTests;
			productReference = A02CAE6E1AD3EFA1001F6B24 /* PDFViewerSampleAppTests.xctest */;
			productType = "com.apple.product-type.bundle.unit-test";
		};
/* End PBXNativeTarget section */

/* Begin PBXProject section */
		A02CAE4D1AD3EFA0001F6B24 /* Project object */ = {
			isa = PBXProject;
			attributes = {
				LastUpgradeCheck = 0620;
				ORGANIZATIONNAME = T0352;
				TargetAttributes = {
					A02CAE541AD3EFA0001F6B24 = {
						CreatedOnToolsVersion = 6.2;
					};
					A02CAE6D1AD3EFA1001F6B24 = {
						CreatedOnToolsVersion = 6.2;
						TestTargetID = A02CAE541AD3EFA0001F6B24;
					};
				};
			};
			buildConfigurationList = A02CAE501AD3EFA0001F6B24 /* Build configuration list for PBXProject "PDFViewerSampleApp" */;
			compatibilityVersion = "Xcode 3.2";
			developmentRegion = English;
			hasScannedForEncodings = 0;
			knownRegions = (
				en,
				Base,
			);
			mainGroup = A02CAE4C1AD3EFA0001F6B24;
			productRefGroup = A02CAE561AD3EFA0001F6B24 /* Products */;
			projectDirPath = "";
			projectRoot = "";
			targets = (
				A02CAE541AD3EFA0001F6B24 /* PDFViewerSampleApp */,
				A02CAE6D1AD3EFA1001F6B24 /* PDFViewerSampleAppTests */,
			);
		};
/* End PBXProject section */

/* Begin PBXResourcesBuildPhase section */
		A02CAE531AD3EFA0001F6B24 /* Resources */ = {
			isa = PBXResourcesBuildPhase;
			buildActionMask = 2147483647;
			files = (
				A02CAE641AD3EFA0001F6B24 /* Main.storyboard in Resources */,
				A02CAE691AD3EFA1001F6B24 /* LaunchScreen.xib in Resources */,
				A0DBFDAE1AD65B1D009459CB /* Resume.pdf in Resources */,
				A02CAE661AD3EFA1001F6B24 /* Images.xcassets in Resources */,
				A0DBFDAC1AD65B11009459CB /* PDFViewController.xib in Resources */,
			);
			runOnlyForDeploymentPostprocessing = 0;
		};
		A02CAE6C1AD3EFA1001F6B24 /* Resources */ = {
			isa = PBXResourcesBuildPhase;
			buildActionMask = 2147483647;
			files = (
			);
			runOnlyForDeploymentPostprocessing = 0;
		};
/* End PBXResourcesBuildPhase section */

/* Begin PBXSourcesBuildPhase section */
		A02CAE511AD3EFA0001F6B24 /* Sources */ = {
			isa = PBXSourcesBuildPhase;
			buildActionMask = 2147483647;
			files = (
				A02CAE611AD3EFA0001F6B24 /* ViewController.m in Sources */,
				A02CAE5E1AD3EFA0001F6B24 /* AppDelegate.m in Sources */,
				A02CAE5B1AD3EFA0001F6B24 /* main.m in Sources */,
				A0DBFDAB1AD65B11009459CB /* PDFViewController.m in Sources */,
			);
			runOnlyForDeploymentPostprocessing = 0;
		};
		A02CAE6A1AD3EFA1001F6B24 /* Sources */ = {
			isa = PBXSourcesBuildPhase;
			buildActionMask = 2147483647;
			files = (
				A02CAE751AD3EFA1001F6B24 /* PDFViewTests.m in Sources */,
			);
			runOnlyForDeploymentPostprocessing = 0;
		};
/* End PBXSourcesBuildPhase section */

/* Begin PBXTargetDependency section */
		A02CAE701AD3EFA1001F6B24 /* PBXTargetDependency */ = {
			isa = PBXTargetDependency;
			target = A02CAE541AD3EFA0001F6B24 /* PDFViewerSampleApp */;
			targetProxy = A02CAE6F1AD3EFA1001F6B24 /* PBXContainerItemProxy */;
		};
/* End PBXTargetDependency section */

/* Begin PBXVariantGroup section */
		A02CAE621AD3EFA0001F6B24 /* Main.storyboard */ = {
			isa = PBXVariantGroup;
			children = (
				A02CAE631AD3EFA0001F6B24 /* Base */,
			);
			name = Main.storyboard;
			sourceTree = "<group>";
		};
		A02CAE671AD3EFA1001F6B24 /* LaunchScreen.xib */ = {
			isa = PBXVariantGroup;
			children = (
				A02CAE681AD3EFA1001F6B24 /* Base */,
			);
			name = LaunchScreen.xib;
			sourceTree = "<group>";
		};
/* End PBXVariantGroup section */

/* Begin XCBuildConfiguration section */
		A02CAE761AD3EFA1001F6B24 /* Debug */ = {
			isa = XCBuildConfiguration;
			buildSettings = {
				ALWAYS_SEARCH_USER_PATHS = NO;
				CLANG_CXX_LANGUAGE_STANDARD = "gnu++0x";
				CLANG_CXX_LIBRARY = "libc++";
				CLANG_ENABLE_MODULES = YES;
				CLANG_ENABLE_OBJC_ARC = YES;
				CLANG_WARN_BOOL_CONVERSION = YES;
				CLANG_WARN_CONSTANT_CONVERSION = YES;
				CLANG_WARN_DIRECT_OBJC_ISA_USAGE = YES_ERROR;
				CLANG_WARN_EMPTY_BODY = YES;
				CLANG_WARN_ENUM_CONVERSION = YES;
				CLANG_WARN_INT_CONVERSION = YES;
				CLANG_WARN_OBJC_ROOT_CLASS = YES_ERROR;
				CLANG_WARN_UNREACHABLE_CODE = YES;
				CLANG_WARN__DUPLICATE_METHOD_MATCH = YES;
				"CODE_SIGN_IDENTITY[sdk=iphoneos*]" = "iPhone Developer";
				COPY_PHASE_STRIP = NO;
				ENABLE_STRICT_OBJC_MSGSEND = YES;
				GCC_C_LANGUAGE_STANDARD = gnu99;
				GCC_DYNAMIC_NO_PIC = NO;
				GCC_OPTIMIZATION_LEVEL = 0;
				GCC_PREPROCESSOR_DEFINITIONS = (
					"DEBUG=1",
					"$(inherited)",
				);
				GCC_SYMBOLS_PRIVATE_EXTERN = NO;
				GCC_WARN_64_TO_32_BIT_CONVERSION = YES;
				GCC_WARN_ABOUT_RETURN_TYPE = YES_ERROR;
				GCC_WARN_UNDECLARED_SELECTOR = YES;
				GCC_WARN_UNINITIALIZED_AUTOS = YES_AGGRESSIVE;
				GCC_WARN_UNUSED_FUNCTION = YES;
				GCC_WARN_UNUSED_VARIABLE = YES;
				IPHONEOS_DEPLOYMENT_TARGET = 8.2;
				MTL_ENABLE_DEBUG_INFO = YES;
				ONLY_ACTIVE_ARCH = YES;
				SDKROOT = iphoneos;
				TARGETED_DEVICE_FAMILY = 2;
			};
			name = Debug;
		};
		A02CAE771AD3EFA1001F6B24 /* Release */ = {
			isa = XCBuildConfiguration;
			buildSettings = {
				ALWAYS_SEARCH_USER_PATHS = NO;
				CLANG_CXX_LANGUAGE_STANDARD = "gnu++0x";
				CLANG_CXX_LIBRARY = "libc++";
				CLANG_ENABLE_MODULES = YES;
				CLANG_ENABLE_OBJC_ARC = YES;
				CLANG_WARN_BOOL_CONVERSION = YES;
				CLANG_WARN_CONSTANT_CONVERSION = YES;
				CLANG_WARN_DIRECT_OBJC_ISA_USAGE = YES_ERROR;
				CLANG_WARN_EMPTY_BODY = YES;
				CLANG_WARN_ENUM_CONVERSION = YES;
				CLANG_WARN_INT_CONVERSION = YES;
				CLANG_WARN_OBJC_ROOT_CLASS = YES_ERROR;
				CLANG_WARN_UNREACHABLE_CODE = YES;
				CLANG_WARN__DUPLICATE_METHOD_MATCH = YES;
				"CODE_SIGN_IDENTITY[sdk=iphoneos*]" = "iPhone Developer";
				COPY_PHASE_STRIP = NO;
				ENABLE_NS_ASSERTIONS = NO;
				ENABLE_STRICT_OBJC_MSGSEND = YES;
				GCC_C_LANGUAGE_STANDARD = gnu99;
				GCC_WARN_64_TO_32_BIT_CONVERSION = YES;
				GCC_WARN_ABOUT_RETURN_TYPE = YES_ERROR;
				GCC_WARN_UNDECLARED_SELECTOR = YES;
				GCC_WARN_UNINITIALIZED_AUTOS = YES_AGGRESSIVE;
				GCC_WARN_UNUSED_FUNCTION = YES;
				GCC_WARN_UNUSED_VARIABLE = YES;
				IPHONEOS_DEPLOYMENT_TARGET = 8.2;
				MTL_ENABLE_DEBUG_INFO = NO;
				SDKROOT = iphoneos;
				TARGETED_DEVICE_FAMILY = 2;
				VALIDATE_PRODUCT = YES;
			};
			name = Release;
		};
		A02CAE791AD3EFA1001F6B24 /* Debug */ = {
			isa = XCBuildConfiguration;
			buildSettings = {
				ASSETCATALOG_COMPILER_APPICON_NAME = AppIcon;
				INFOPLIST_FILE = PDFView/Info.plist;
				LD_RUNPATH_SEARCH_PATHS = "$(inherited) @executable_path/Frameworks";
				PRODUCT_NAME = PDFViewerSampleApp;
			};
			name = Debug;
		};
		A02CAE7A1AD3EFA1001F6B24 /* Release */ = {
			isa = XCBuildConfiguration;
			buildSettings = {
				ASSETCATALOG_COMPILER_APPICON_NAME = AppIcon;
				INFOPLIST_FILE = PDFView/Info.plist;
				LD_RUNPATH_SEARCH_PATHS = "$(inherited) @executable_path/Frameworks";
				PRODUCT_NAME = PDFViewerSampleApp;
			};
			name = Release;
		};
		A02CAE7C1AD3EFA1001F6B24 /* Debug */ = {
			isa = XCBuildConfiguration;
			buildSettings = {
				BUNDLE_LOADER = "$(TEST_HOST)";
				FRAMEWORK_SEARCH_PATHS = (
					"$(SDKROOT)/Developer/Library/Frameworks",
					"$(inherited)",
				);
				GCC_PREPROCESSOR_DEFINITIONS = (
					"DEBUG=1",
					"$(inherited)",
				);
				INFOPLIST_FILE = PDFViewTests/Info.plist;
				LD_RUNPATH_SEARCH_PATHS = "$(inherited) @executable_path/Frameworks @loader_path/Frameworks";
				PRODUCT_NAME = PDFViewerSampleAppTests;
				TARGETED_DEVICE_FAMILY = "1,2";
				TEST_HOST = "$(BUILT_PRODUCTS_DIR)/PDFViewerSampleApp.app/PDFViewerSampleApp";
			};
			name = Debug;
		};
		A02CAE7D1AD3EFA1001F6B24 /* Release */ = {
			isa = XCBuildConfiguration;
			buildSettings = {
				BUNDLE_LOADER = "$(TEST_HOST)";
				FRAMEWORK_SEARCH_PATHS = (
					"$(SDKROOT)/Developer/Library/Frameworks",
					"$(inherited)",
				);
				INFOPLIST_FILE = PDFViewTests/Info.plist;
				LD_RUNPATH_SEARCH_PATHS = "$(inherited) @executable_path/Frameworks @loader_path/Frameworks";
				PRODUCT_NAME = PDFViewerSampleAppTests;
				TARGETED_DEVICE_FAMILY = "1,2";
				TEST_HOST = "$(BUILT_PRODUCTS_DIR)/PDFViewerSampleApp.app/PDFViewerSampleApp";
			};
			name = Release;
		};
/* End XCBuildConfiguration section */

/* Begin XCConfigurationList section */
		A02CAE501AD3EFA0001F6B24 /* Build configuration list for PBXProject "PDFViewerSampleApp" */ = {
			isa = XCConfigurationList;
			buildConfigurations = (
				A02CAE761AD3EFA1001F6B24 /* Debug */,
				A02CAE771AD3EFA1001F6B24 /* Release */,
			);
			defaultConfigurationIsVisible = 0;
			defaultConfigurationName = Release;
		};
		A02CAE781AD3EFA1001F6B24 /* Build configuration list for PBXNativeTarget "PDFViewerSampleApp" */ = {
			isa = XCConfigurationList;
			buildConfigurations = (
				A02CAE791AD3EFA1001F6B24 /* Debug */,
				A02CAE7A1AD3EFA1001F6B24 /* Release */,
			);
			defaultConfigurationIsVisible = 0;
			defaultConfigurationName = Release;
		};
		A02CAE7B1AD3EFA1001F6B24 /* Build configuration list for PBXNativeTarget "PDFViewerSampleAppTests" */ = {
			isa = XCConfigurationList;
			buildConfigurations = (
				A02CAE7C1AD3EFA1001F6B24 /* Debug */,
				A02CAE7D1AD3EFA1001F6B24 /* Release */,
			);
			defaultConfigurationIsVisible = 0;
			defaultConfigurationName = Release;
		};
/* End XCConfigurationList section */
	};
	rootObject = A02CAE4D1AD3EFA0001F6B24 /* Project object */;
}
